
Microsoft Visual Studio Solution File, Format Version 12.00
# Visual Studio Version 17
VisualStudioVersion = 17.10.35027.167
MinimumVisualStudioVersion = 10.0.40219.1
Project("{9A19103F-16F7-4668-BE54-9A1E7A4F7556}") = "User_Management_API", "User_Management_API\User_Management_API.csproj", "{395299B1-B78A-4448-89AE-1244AB624074}"
EndProject
Project("{FAE04EC0-301F-11D3-BF4B-00C04F79EFBC}") = "User.Management.Serivce", "User.Management.Serivce\User.Management.Serivce.csproj", "{4BC8774A-33E9-40D4-BA3C-1FF2EE093C93}"
EndProject
Global
	GlobalSection(SolutionConfigurationPlatforms) = preSolution
		Debug|Any CPU = Debug|Any CPU
		Release|Any CPU = Release|Any CPU
	EndGlobalSection
	GlobalSection(ProjectConfigurationPlatforms) = postSolution
		{395299B1-B78A-4448-89AE-1244AB624074}.Debug|Any CPU.ActiveCfg = Debug|Any CPU
		{395299B1-B78A-4448-89AE-1244AB624074}.Debug|Any CPU.Build.0 = Debug|Any CPU
		{395299B1-B78A-4448-89AE-1244AB624074}.Release|Any CPU.ActiveCfg = Release|Any CPU
		{395299B1-B78A-4448-89AE-1244AB624074}.Release|Any CPU.Build.0 = Release|Any CPU
		{4BC8774A-33E9-40D4-BA3C-1FF2EE093C93}.Debug|Any CPU.ActiveCfg = Debug|Any CPU
		{4BC8774A-33E9-40D4-BA3C-1FF2EE093C93}.Debug|Any CPU.Build.0 = Debug|Any CPU
		{4BC8774A-33E9-40D4-BA3C-1FF2EE093C93}.Release|Any CPU.ActiveCfg = Release|Any CPU
		{4BC8774A-33E9-40D4-BA3C-1FF2EE093C93}.Release|Any CPU.Build.0 = Release|Any CPU
	EndGlobalSection
	GlobalSection(SolutionProperties) = preSolution
		HideSolutionNode = FALSE
	EndGlobalSection
	GlobalSection(ExtensibilityGlobals) = postSolution
		SolutionGuid = {513BB984-5A27-4085-AF4B-FC85DE1F0C07}
	EndGlobalSection
EndGlobal
